{
  "name": "web",
  "lockfileVersion": 3,
  "requires": true,
  "packages": {
    "": {
      "dependencies": {
        "@anthropic-ai/claude-code": "^2.1.114"
      }
    },
    "node_modules/@anthropic-ai/claude-code": {
      "version": "2.1.114",
      "resolved": "https://registry.npmmirror.com/@anthropic-ai/claude-code/-/claude-code-2.1.114.tgz",
      "integrity": "sha512-RPhw1ClFxzOESQdI+bXYp35IXlhS/bi75VIajQgrg11qH10k5jiYZ+ivz1dTN6rbeii+zaCuhjpMzKfdtN/JTw==",
      "hasInstallScript": true,
      "license": "SEE LICENSE IN README.md",
      "bin": {
        "claude": "bin/claude.exe"
      },
      "engines": {
        "node": ">=18.0.0"
      },
      "optionalDependencies": {
        "@anthropic-ai/claude-code-darwin-arm64": "2.1.114",
        "@anthropic-ai/claude-code-darwin-x64": "2.1.114",
        "@anthropic-ai/claude-code-linux-arm64": "2.1.114",
        "@anthropic-ai/claude-code-linux-arm64-musl": "2.1.114",
        "@anthropic-ai/claude-code-linux-x64": "2.1.114",
        "@anthropic-ai/claude-code-linux-x64-musl": "2.1.114",
        "@anthropic-ai/claude-code-win32-arm64": "2.1.114",
        "@anthropic-ai/claude-code-win32-x64": "2.1.114"
      }
    },
    "node_modules/@anthropic-ai/claude-code/node_modules/@anthropic-ai/claude-code-darwin-arm64": {
      "optional": true
    },
    "node_modules/@anthropic-ai/claude-code/node_modules/@anthropic-ai/claude-code-darwin-x64": {
      "optional": true
    },
    "node_modules/@anthropic-ai/claude-code/node_modules/@anthropic-ai/claude-code-linux-arm64": {
      "optional": true
    },
    "node_modules/@anthropic-ai/claude-code/node_modules/@anthropic-ai/claude-code-linux-arm64-musl": {
      "optional": true
    },
    "node_modules/@anthropic-ai/claude-code/node_modules/@anthropic-ai/claude-code-linux-x64": {
      "optional": true
    },
    "node_modules/@anthropic-ai/claude-code/node_modules/@anthropic-ai/claude-code-linux-x64-musl": {
      "optional": true
    },
    "node_modules/@anthropic-ai/claude-code/node_modules/@anthropic-ai/claude-code-win32-arm64": {
      "optional": true
    },
    "node_modules/@anthropic-ai/claude-code/node_modules/@anthropic-ai/claude-code-win32-x64": {
      "optional": true
    }
  }
}
